
Microsoft Visual Studio Solution File, Format Version 12.00
# Visual Studio Version 17
VisualStudioVersion = 17.0.31903.59
MinimumVisualStudioVersion = 10.0.40219.1
Project("{2150E333-8FDC-42A3-9474-1A3956D46DE8}") = "api", "api", "{827E0CD3-B72D-47B6-A68D-7590B98EB39B}"
EndProject
Project("{FAE04EC0-301F-11D3-BF4B-00C04F79EFBC}") = "Domain", "api\Domain\Domain.csproj", "{0A4BEF50-367D-41C1-B9F8-1F8EDD81A04F}"
EndProject
Project("{FAE04EC0-301F-11D3-BF4B-00C04F79EFBC}") = "Application", "api\Application\Application.csproj", "{D01DD618-E521-43FA-8202-5599E51CFD79}"
EndProject
Project("{FAE04EC0-301F-11D3-BF4B-00C04F79EFBC}") = "Infrastructure", "api\Infrastructure\Infrastructure.csproj", "{52F6ABAD-5AFB-428B-AA73-B12E4BFE5FC9}"
EndProject
Project("{FAE04EC0-301F-11D3-BF4B-00C04F79EFBC}") = "Api", "api\Api\Api.csproj", "{F80F6F87-0805-4E1B-A3DD-74C1DAB5143D}"
EndProject
Project("{2150E333-8FDC-42A3-9474-1A3956D46DE8}") = "tests", "tests", "{0AB3BF05-4346-4AA6-1389-037BE0695223}"
EndProject
Project("{FAE04EC0-301F-11D3-BF4B-00C04F79EFBC}") = "Integration", "tests\Integration\Integration.csproj", "{11790EFD-E20F-4BAE-B6C9-DEB64009E816}"
EndProject
Global
	GlobalSection(SolutionConfigurationPlatforms) = preSolution
		Debug|Any CPU = Debug|Any CPU
		Debug|x64 = Debug|x64
		Debug|x86 = Debug|x86
		Release|Any CPU = Release|Any CPU
		Release|x64 = Release|x64
		Release|x86 = Release|x86
	EndGlobalSection
	GlobalSection(ProjectConfigurationPlatforms) = postSolution
		{0A4BEF50-367D-41C1-B9F8-1F8EDD81A04F}.Debug|Any CPU.ActiveCfg = Debug|Any CPU
		{0A4BEF50-367D-41C1-B9F8-1F8EDD81A04F}.Debug|Any CPU.Build.0 = Debug|Any CPU
		{0A4BEF50-367D-41C1-B9F8-1F8EDD81A04F}.Debug|x64.ActiveCfg = Debug|Any CPU
		{0A4BEF50-367D-41C1-B9F8-1F8EDD81A04F}.Debug|x64.Build.0 = Debug|Any CPU
		{0A4BEF50-367D-41C1-B9F8-1F8EDD81A04F}.Debug|x86.ActiveCfg = Debug|Any CPU
		{0A4BEF50-367D-41C1-B9F8-1F8EDD81A04F}.Debug|x86.Build.0 = Debug|Any CPU
		{0A4BEF50-367D-41C1-B9F8-1F8EDD81A04F}.Release|Any CPU.ActiveCfg = Release|Any CPU
		{0A4BEF50-367D-41C1-B9F8-1F8EDD81A04F}.Release|Any CPU.Build.0 = Release|Any CPU
		{0A4BEF50-367D-41C1-B9F8-1F8EDD81A04F}.Release|x64.ActiveCfg = Release|Any CPU
		{0A4BEF50-367D-41C1-B9F8-1F8EDD81A04F}.Release|x64.Build.0 = Release|Any CPU
		{0A4BEF50-367D-41C1-B9F8-1F8EDD81A04F}.Release|x86.ActiveCfg = Release|Any CPU
		{0A4BEF50-367D-41C1-B9F8-1F8EDD81A04F}.Release|x86.Build.0 = Release|Any CPU
		{D01DD618-E521-43FA-8202-5599E51CFD79}.Debug|Any CPU.ActiveCfg = Debug|Any CPU
		{D01DD618-E521-43FA-8202-5599E51CFD79}.Debug|Any CPU.Build.0 = Debug|Any CPU
		{D01DD618-E521-43FA-8202-5599E51CFD79}.Debug|x64.ActiveCfg = Debug|Any CPU
		{D01DD618-E521-43FA-8202-5599E51CFD79}.Debug|x64.Build.0 = Debug|Any CPU
		{D01DD618-E521-43FA-8202-5599E51CFD79}.Debug|x86.ActiveCfg = Debug|Any CPU
		{D01DD618-E521-43FA-8202-5599E51CFD79}.Debug|x86.Build.0 = Debug|Any CPU
		{D01DD618-E521-43FA-8202-5599E51CFD79}.Release|Any CPU.ActiveCfg = Release|Any CPU
		{D01DD618-E521-43FA-8202-5599E51CFD79}.Release|Any CPU.Build.0 = Release|Any CPU
		{D01DD618-E521-43FA-8202-5599E51CFD79}.Release|x64.ActiveCfg = Release|Any CPU
		{D01DD618-E521-43FA-8202-5599E51CFD79}.Release|x64.Build.0 = Release|Any CPU
		{D01DD618-E521-43FA-8202-5599E51CFD79}.Release|x86.ActiveCfg = Release|Any CPU
		{D01DD618-E521-43FA-8202-5599E51CFD79}.Release|x86.Build.0 = Release|Any CPU
		{52F6ABAD-5AFB-428B-AA73-B12E4BFE5FC9}.Debug|Any CPU.ActiveCfg = Debug|Any CPU
		{52F6ABAD-5AFB-428B-AA73-B12E4BFE5FC9}.Debug|Any CPU.Build.0 = Debug|Any CPU
		{52F6ABAD-5AFB-428B-AA73-B12E4BFE5FC9}.Debug|x64.ActiveCfg = Debug|Any CPU
		{52F6ABAD-5AFB-428B-AA73-B12E4BFE5FC9}.Debug|x64.Build.0 = Debug|Any CPU
		{52F6ABAD-5AFB-428B-AA73-B12E4BFE5FC9}.Debug|x86.ActiveCfg = Debug|Any CPU
		{52F6ABAD-5AFB-428B-AA73-B12E4BFE5FC9}.Debug|x86.Build.0 = Debug|Any CPU
		{52F6ABAD-5AFB-428B-AA73-B12E4BFE5FC9}.Release|Any CPU.ActiveCfg = Release|Any CPU
		{52F6ABAD-5AFB-428B-AA73-B12E4BFE5FC9}.Release|Any CPU.Build.0 = Release|Any CPU
		{52F6ABAD-5AFB-428B-AA73-B12E4BFE5FC9}.Release|x64.ActiveCfg = Release|Any CPU
		{52F6ABAD-5AFB-428B-AA73-B12E4BFE5FC9}.Release|x64.Build.0 = Release|Any CPU
		{52F6ABAD-5AFB-428B-AA73-B12E4BFE5FC9}.Release|x86.ActiveCfg = Release|Any CPU
		{52F6ABAD-5AFB-428B-AA73-B12E4BFE5FC9}.Release|x86.Build.0 = Release|Any CPU
		{F80F6F87-0805-4E1B-A3DD-74C1DAB5143D}.Debug|Any CPU.ActiveCfg = Debug|Any CPU
		{F80F6F87-0805-4E1B-A3DD-74C1DAB5143D}.Debug|Any CPU.Build.0 = Debug|Any CPU
		{F80F6F87-0805-4E1B-A3DD-74C1DAB5143D}.Debug|x64.ActiveCfg = Debug|Any CPU
		{F80F6F87-0805-4E1B-A3DD-74C1DAB5143D}.Debug|x64.Build.0 = Debug|Any CPU
		{F80F6F87-0805-4E1B-A3DD-74C1DAB5143D}.Debug|x86.ActiveCfg = Debug|Any CPU
		{F80F6F87-0805-4E1B-A3DD-74C1DAB5143D}.Debug|x86.Build.0 = Debug|Any CPU
		{F80F6F87-0805-4E1B-A3DD-74C1DAB5143D}.Release|Any CPU.ActiveCfg = Release|Any CPU
		{F80F6F87-0805-4E1B-A3DD-74C1DAB5143D}.Release|Any CPU.Build.0 = Release|Any CPU
		{F80F6F87-0805-4E1B-A3DD-74C1DAB5143D}.Release|x64.ActiveCfg = Release|Any CPU
		{F80F6F87-0805-4E1B-A3DD-74C1DAB5143D}.Release|x64.Build.0 = Release|Any CPU
		{F80F6F87-0805-4E1B-A3DD-74C1DAB5143D}.Release|x86.ActiveCfg = Release|Any CPU
		{F80F6F87-0805-4E1B-A3DD-74C1DAB5143D}.Release|x86.Build.0 = Release|Any CPU
		{11790EFD-E20F-4BAE-B6C9-DEB64009E816}.Debug|Any CPU.ActiveCfg = Debug|Any CPU
		{11790EFD-E20F-4BAE-B6C9-DEB64009E816}.Debug|Any CPU.Build.0 = Debug|Any CPU
		{11790EFD-E20F-4BAE-B6C9-DEB64009E816}.Debug|x64.ActiveCfg = Debug|Any CPU
		{11790EFD-E20F-4BAE-B6C9-DEB64009E816}.Debug|x64.Build.0 = Debug|Any CPU
		{11790EFD-E20F-4BAE-B6C9-DEB64009E816}.Debug|x86.ActiveCfg = Debug|Any CPU
		{11790EFD-E20F-4BAE-B6C9-DEB64009E816}.Debug|x86.Build.0 = Debug|Any CPU
		{11790EFD-E20F-4BAE-B6C9-DEB64009E816}.Release|Any CPU.ActiveCfg = Release|Any CPU
		{11790EFD-E20F-4BAE-B6C9-DEB64009E816}.Release|Any CPU.Build.0 = Release|Any CPU
		{11790EFD-E20F-4BAE-B6C9-DEB64009E816}.Release|x64.ActiveCfg = Release|Any CPU
		{11790EFD-E20F-4BAE-B6C9-DEB64009E816}.Release|x64.Build.0 = Release|Any CPU
		{11790EFD-E20F-4BAE-B6C9-DEB64009E816}.Release|x86.ActiveCfg = Release|Any CPU
		{11790EFD-E20F-4BAE-B6C9-DEB64009E816}.Release|x86.Build.0 = Release|Any CPU
	EndGlobalSection
	GlobalSection(SolutionProperties) = preSolution
		HideSolutionNode = FALSE
	EndGlobalSection
	GlobalSection(NestedProjects) = preSolution
		{0A4BEF50-367D-41C1-B9F8-1F8EDD81A04F} = {827E0CD3-B72D-47B6-A68D-7590B98EB39B}
		{D01DD618-E521-43FA-8202-5599E51CFD79} = {827E0CD3-B72D-47B6-A68D-7590B98EB39B}
		{52F6ABAD-5AFB-428B-AA73-B12E4BFE5FC9} = {827E0CD3-B72D-47B6-A68D-7590B98EB39B}
		{F80F6F87-0805-4E1B-A3DD-74C1DAB5143D} = {827E0CD3-B72D-47B6-A68D-7590B98EB39B}
		{11790EFD-E20F-4BAE-B6C9-DEB64009E816} = {0AB3BF05-4346-4AA6-1389-037BE0695223}
	EndGlobalSection
EndGlobal
